Microsoft Visual Studio Solution File, Format Version 12.00
# Visual Studio Version 17
VisualStudioVersion = 17.5.2.0
MinimumVisualStudioVersion = 10.0.40219.1
Project("{FAE04EC0-301F-11D3-BF4B-00C04F79EFBC}") = "ManagementApp", "server-app\ManagementApp.csproj", "{5106EE72-D853-AECE-53F6-904B4476BB11}"
EndProject
Global
	GlobalSection(SolutionConfigurationPlatforms) = preSolution
		Debug|Any CPU = Debug|Any CPU
		Release|Any CPU = Release|Any CPU
	EndGlobalSection
	GlobalSection(ProjectConfigurationPlatforms) = postSolution
		{5106EE72-D853-AECE-53F6-904B4476BB11}.Debug|Any CPU.ActiveCfg = Debug|Any CPU
		{5106EE72-D853-AECE-53F6-904B4476BB11}.Debug|Any CPU.Build.0 = Debug|Any CPU
		{5106EE72-D853-AECE-53F6-904B4476BB11}.Release|Any CPU.ActiveCfg = Release|Any CPU
		{5106EE72-D853-AECE-53F6-904B4476BB11}.Release|Any CPU.Build.0 = Release|Any CPU
	EndGlobalSection
	GlobalSection(SolutionProperties) = preSolution
		HideSolutionNode = FALSE
	EndGlobalSection
	GlobalSection(ExtensibilityGlobals) = postSolution
		SolutionGuid = {53D8B763-A714-4608-829A-07981AF5A501}
	EndGlobalSection
EndGlobal
